
Microsoft Visual Studio Solution File, Format Version 12.00
# Visual Studio Version 17
VisualStudioVersion = 17.10.34916.146
MinimumVisualStudioVersion = 10.0.40219.1
Project("{9A19103F-16F7-4668-BE54-9A1E7A4F7556}") = "WebApplication4", "WebApplication4\WebApplication4.csproj", "{20E84EBA-0ADD-41E5-8186-BDCC40EFEB06}"
EndProject
Global
	GlobalSection(SolutionConfigurationPlatforms) = preSolution
		Debug|Any CPU = Debug|Any CPU
		Release|Any CPU = Release|Any CPU
	EndGlobalSection
	GlobalSection(ProjectConfigurationPlatforms) = postSolution
		{20E84EBA-0ADD-41E5-8186-BDCC40EFEB06}.Debug|Any CPU.ActiveCfg = Debug|Any CPU
		{20E84EBA-0ADD-41E5-8186-BDCC40EFEB06}.Debug|Any CPU.Build.0 = Debug|Any CPU
		{20E84EBA-0ADD-41E5-8186-BDCC40EFEB06}.Release|Any CPU.ActiveCfg = Release|Any CPU
		{20E84EBA-0ADD-41E5-8186-BDCC40EFEB06}.Release|Any CPU.Build.0 = Release|Any CPU
	EndGlobalSection
	GlobalSection(SolutionProperties) = preSolution
		HideSolutionNode = FALSE
	EndGlobalSection
	GlobalSection(ExtensibilityGlobals) = postSolution
		SolutionGuid = {02B98D04-6B89-4F31-9BE7-14A61705611F}
	EndGlobalSection
EndGlobal
